{
  "name": "cursos-varios",
  "lockfileVersion": 3,
  "requires": true,
  "packages": {
    "": {
      "dependencies": {
        "mediaserver": "^0.1.1"
      }
    },
    "node_modules/mediaserver": {
      "version": "0.1.1",
      "resolved": "https://registry.npmjs.org/mediaserver/-/mediaserver-0.1.1.tgz",
      "integrity": "sha512-+Gpdjzxp8n3v4lUnvLzepimasnrjHdjNVqcvD/U9nhUkuYNkUp3AbenHoePBEFheqS/WL5j9Mk0V4tjAHLnIpw==",
      "engines": {
        "node": ">= 0.10.0"
      }
    }
  }
}
